
Microsoft Visual Studio Solution File, Format Version 12.00
# Visual Studio Version 16
VisualStudioVersion = 16.0.30621.155
MinimumVisualStudioVersion = 10.0.40219.1
Project("{FAE04EC0-301F-11D3-BF4B-00C04F79EFBC}") = "Message Counter V2.0", "Message Counter V2.0\Message Counter V2.0.csproj", "{085822FD-25A0-4424-965D-7CDB09BDC0A0}"
EndProject
Global
	GlobalSection(SolutionConfigurationPlatforms) = preSolution
		Debug|Any CPU = Debug|Any CPU
		Release|Any CPU = Release|Any CPU
	EndGlobalSection
	GlobalSection(ProjectConfigurationPlatforms) = postSolution
		{085822FD-25A0-4424-965D-7CDB09BDC0A0}.Debug|Any CPU.ActiveCfg = Debug|Any CPU
		{085822FD-25A0-4424-965D-7CDB09BDC0A0}.Debug|Any CPU.Build.0 = Debug|Any CPU
		{085822FD-25A0-4424-965D-7CDB09BDC0A0}.Release|Any CPU.ActiveCfg = Release|Any CPU
		{085822FD-25A0-4424-965D-7CDB09BDC0A0}.Release|Any CPU.Build.0 = Release|Any CPU
	EndGlobalSection
	GlobalSection(SolutionProperties) = preSolution
		HideSolutionNode = FALSE
	EndGlobalSection
	GlobalSection(ExtensibilityGlobals) = postSolution
		SolutionGuid = {AA97E22E-324C-4F14-A450-8A288B26685F}
	EndGlobalSection
EndGlobal
